
Microsoft Visual Studio Solution File, Format Version 12.00
# Visual Studio Version 17
VisualStudioVersion = 17.0.31903.59
MinimumVisualStudioVersion = 10.0.40219.1
Project("{FAE04EC0-301F-11D3-BF4B-00C04F79EFBC}") = "NWCBatchExporter", "NWCBatchExporter\NWCBatchExporter.csproj", "{B9E745D9-D2C1-401B-84B0-F51359A0914F}"
EndProject
Global
	GlobalSection(SolutionConfigurationPlatforms) = preSolution
		Debug R23|x64 = Debug R23|x64
		Debug R24|x64 = Debug R24|x64
		Debug R25|x64 = Debug R25|x64
		Debug R26|x64 = Debug R26|x64
		Release R23|x64 = Release R23|x64
		Release R24|x64 = Release R24|x64
		Release R25|x64 = Release R25|x64
		Release R26|x64 = Release R26|x64
	EndGlobalSection
	GlobalSection(ProjectConfigurationPlatforms) = postSolution
		{B9E745D9-D2C1-401B-84B0-F51359A0914F}.Debug R23|x64.ActiveCfg = Debug R23|x64
		{B9E745D9-D2C1-401B-84B0-F51359A0914F}.Debug R23|x64.Build.0 = Debug R23|x64
		{B9E745D9-D2C1-401B-84B0-F51359A0914F}.Debug R24|x64.ActiveCfg = Debug R24|x64
		{B9E745D9-D2C1-401B-84B0-F51359A0914F}.Debug R24|x64.Build.0 = Debug R24|x64
		{B9E745D9-D2C1-401B-84B0-F51359A0914F}.Debug R25|x64.ActiveCfg = Debug R25|x64
		{B9E745D9-D2C1-401B-84B0-F51359A0914F}.Debug R25|x64.Build.0 = Debug R25|x64
		{B9E745D9-D2C1-401B-84B0-F51359A0914F}.Debug R26|x64.ActiveCfg = Debug R26|x64
		{B9E745D9-D2C1-401B-84B0-F51359A0914F}.Debug R26|x64.Build.0 = Debug R26|x64
		{B9E745D9-D2C1-401B-84B0-F51359A0914F}.Release R23|x64.ActiveCfg = Release R23|x64
		{B9E745D9-D2C1-401B-84B0-F51359A0914F}.Release R23|x64.Build.0 = Release R23|x64
		{B9E745D9-D2C1-401B-84B0-F51359A0914F}.Release R24|x64.ActiveCfg = Release R24|x64
		{B9E745D9-D2C1-401B-84B0-F51359A0914F}.Release R24|x64.Build.0 = Release R24|x64
		{B9E745D9-D2C1-401B-84B0-F51359A0914F}.Release R25|x64.ActiveCfg = Release R25|x64
		{B9E745D9-D2C1-401B-84B0-F51359A0914F}.Release R25|x64.Build.0 = Release R25|x64
		{B9E745D9-D2C1-401B-84B0-F51359A0914F}.Release R26|x64.ActiveCfg = Release R26|x64
		{B9E745D9-D2C1-401B-84B0-F51359A0914F}.Release R26|x64.Build.0 = Release R26|x64
	EndGlobalSection
	GlobalSection(SolutionProperties) = preSolution
		HideSolutionNode = FALSE
	EndGlobalSection
	GlobalSection(NestedProjects) = preSolution
	EndGlobalSection
	GlobalSection(ExtensibilityGlobals) = postSolution
		SolutionGuid = {B4BEDBEF-64AD-4B91-BEE1-1BA3FD9DEC8C}
	EndGlobalSection
EndGlobal
